Microsoft Visual Studio Solution File, Format Version 12.00
# Visual Studio Version 17
VisualStudioVersion = 17.5.2.0
MinimumVisualStudioVersion = 10.0.40219.1
Project("{2150E333-8FDC-42A3-9474-1A3956D46DE8}") = "csharp", "csharp", "{B41BF331-FCCB-2ADF-CDB6-767964B34647}"
EndProject
Project("{2150E333-8FDC-42A3-9474-1A3956D46DE8}") = "1-optimize-aot", "1-optimize-aot", "{58359BCB-FBF9-FBB6-E9F8-B87634B5900F}"
EndProject
Project("{FAE04EC0-301F-11D3-BF4B-00C04F79EFBC}") = "app", "csharp\1-optimize-aot\app.csproj", "{44F50781-381D-6D70-B414-6DDBB0BA4D7B}"
EndProject
Project("{2150E333-8FDC-42A3-9474-1A3956D46DE8}") = "0-standard-self-contained", "0-standard-self-contained", "{A0E9DF25-C086-4651-6CB5-C8E819DDF801}"
EndProject
Project("{FAE04EC0-301F-11D3-BF4B-00C04F79EFBC}") = "app", "csharp\0-standard-self-contained\app.csproj", "{D74C027D-D9BB-8066-5B7A-F4BBEB7F9F65}"
EndProject
Global
	GlobalSection(SolutionConfigurationPlatforms) = preSolution
		Debug|Any CPU = Debug|Any CPU
		Release|Any CPU = Release|Any CPU
	EndGlobalSection
	GlobalSection(ProjectConfigurationPlatforms) = postSolution
		{44F50781-381D-6D70-B414-6DDBB0BA4D7B}.Debug|Any CPU.ActiveCfg = Debug|Any CPU
		{44F50781-381D-6D70-B414-6DDBB0BA4D7B}.Debug|Any CPU.Build.0 = Debug|Any CPU
		{44F50781-381D-6D70-B414-6DDBB0BA4D7B}.Release|Any CPU.ActiveCfg = Release|Any CPU
		{44F50781-381D-6D70-B414-6DDBB0BA4D7B}.Release|Any CPU.Build.0 = Release|Any CPU
		{D74C027D-D9BB-8066-5B7A-F4BBEB7F9F65}.Debug|Any CPU.ActiveCfg = Debug|Any CPU
		{D74C027D-D9BB-8066-5B7A-F4BBEB7F9F65}.Debug|Any CPU.Build.0 = Debug|Any CPU
		{D74C027D-D9BB-8066-5B7A-F4BBEB7F9F65}.Release|Any CPU.ActiveCfg = Release|Any CPU
		{D74C027D-D9BB-8066-5B7A-F4BBEB7F9F65}.Release|Any CPU.Build.0 = Release|Any CPU
	EndGlobalSection
	GlobalSection(SolutionProperties) = preSolution
		HideSolutionNode = FALSE
	EndGlobalSection
	GlobalSection(NestedProjects) = preSolution
		{58359BCB-FBF9-FBB6-E9F8-B87634B5900F} = {B41BF331-FCCB-2ADF-CDB6-767964B34647}
		{44F50781-381D-6D70-B414-6DDBB0BA4D7B} = {58359BCB-FBF9-FBB6-E9F8-B87634B5900F}
		{A0E9DF25-C086-4651-6CB5-C8E819DDF801} = {B41BF331-FCCB-2ADF-CDB6-767964B34647}
		{D74C027D-D9BB-8066-5B7A-F4BBEB7F9F65} = {A0E9DF25-C086-4651-6CB5-C8E819DDF801}
	EndGlobalSection
	GlobalSection(ExtensibilityGlobals) = postSolution
		SolutionGuid = {1BEF520F-E858-4911-953B-E9FAD6DF7DD0}
	EndGlobalSection
EndGlobal
